
Microsoft Visual Studio Solution File, Format Version 12.00
# Visual Studio Version 16
VisualStudioVersion = 16.0.29306.81
MinimumVisualStudioVersion = 10.0.40219.1
Project("{FAE04EC0-301F-11D3-BF4B-00C04F79EFBC}") = "AgileAES", "AgileAES\AgileAES.csproj", "{A3B8796D-2587-4306-8917-6BAA822EB30D}"
EndProject
Project("{FAE04EC0-301F-11D3-BF4B-00C04F79EFBC}") = "Example", "Example\Example.csproj", "{9B179F1D-72A6-49FB-94BB-CCD24B2B7055}"
EndProject
Project("{FAE04EC0-301F-11D3-BF4B-00C04F79EFBC}") = "AgileAES.Tests", "AgileAES.Tests\AgileAES.Tests.csproj", "{63FDE50E-D470-4758-B50A-3B5A4BD7273B}"
EndProject
Global
	GlobalSection(SolutionConfigurationPlatforms) = preSolution
		Debug|Any CPU = Debug|Any CPU
		Release|Any CPU = Release|Any CPU
	EndGlobalSection
	GlobalSection(ProjectConfigurationPlatforms) = postSolution
		{A3B8796D-2587-4306-8917-6BAA822EB30D}.Debug|Any CPU.ActiveCfg = Debug|Any CPU
		{A3B8796D-2587-4306-8917-6BAA822EB30D}.Debug|Any CPU.Build.0 = Debug|Any CPU
		{A3B8796D-2587-4306-8917-6BAA822EB30D}.Release|Any CPU.ActiveCfg = Release|Any CPU
		{A3B8796D-2587-4306-8917-6BAA822EB30D}.Release|Any CPU.Build.0 = Release|Any CPU
		{9B179F1D-72A6-49FB-94BB-CCD24B2B7055}.Debug|Any CPU.ActiveCfg = Debug|Any CPU
		{9B179F1D-72A6-49FB-94BB-CCD24B2B7055}.Debug|Any CPU.Build.0 = Debug|Any CPU
		{9B179F1D-72A6-49FB-94BB-CCD24B2B7055}.Release|Any CPU.ActiveCfg = Release|Any CPU
		{9B179F1D-72A6-49FB-94BB-CCD24B2B7055}.Release|Any CPU.Build.0 = Release|Any CPU
		{63FDE50E-D470-4758-B50A-3B5A4BD7273B}.Debug|Any CPU.ActiveCfg = Debug|Any CPU
		{63FDE50E-D470-4758-B50A-3B5A4BD7273B}.Debug|Any CPU.Build.0 = Debug|Any CPU
		{63FDE50E-D470-4758-B50A-3B5A4BD7273B}.Release|Any CPU.ActiveCfg = Release|Any CPU
		{63FDE50E-D470-4758-B50A-3B5A4BD7273B}.Release|Any CPU.Build.0 = Release|Any CPU
	EndGlobalSection
	GlobalSection(SolutionProperties) = preSolution
		HideSolutionNode = FALSE
	EndGlobalSection
	GlobalSection(ExtensibilityGlobals) = postSolution
		SolutionGuid = {CA7335A3-0301-408C-A065-4EEBA52F98FC}
	EndGlobalSection
EndGlobal
